// !$*UTF8*$!
{
	archiveVersion = 1;
	classes = {
	};
	objectVersion = 56;
	objects = {

/* Begin PBXBuildFile section */
		301FACE42981F3BE002AEC98 /* LegoResultChart.swift in Sources */ = {isa = PBXBuildFile; fileRef = 301FACE32981F3BE002AEC98 /* LegoResultChart.swift */; };
		301FACE62985B0E4002AEC98 /* RoundChart.swift in Sources */ = {isa = PBXBuildFile; fileRef = 301FACE52985B0E4002AEC98 /* RoundChart.swift */; };
		303AA3BB2971C2CF0052BD54 /* Sybil_HunterApp.swift in Sources */ = {isa = PBXBuildFile; fileRef = 303AA3BA2971C2CF0052BD54 /* Sybil_HunterApp.swift */; };
		303AA3BD2971C2CF0052BD54 /* ContentView.swift in Sources */ = {isa = PBXBuildFile; fileRef = 303AA3BC2971C2CF0052BD54 /* ContentView.swift */; };
		303AA3BF2971C2D00052BD54 /* Assets.xcassets in Resources */ = {isa = PBXBuildFile; fileRef = 303AA3BE2971C2D00052BD54 /* Assets.xcassets */; };
		303AA3C22971C2D00052BD54 /* Preview Assets.xcassets in Resources */ = {isa = PBXBuildFile; fileRef = 303AA3C12971C2D00052BD54 /* Preview Assets.xcassets */; };
		30682E852971EDB700C8BF4F /* TrueBlocksTx.swift in Sources */ = {isa = PBXBuildFile; fileRef = 30682E842971EDB700C8BF4F /* TrueBlocksTx.swift */; };
		30682E90297216CA00C8BF4F /* Sybil-Hunter-Info.plist in Resources */ = {isa = PBXBuildFile; fileRef = 30682E8F297216CA00C8BF4F /* Sybil-Hunter-Info.plist */; };
		30F152EF297B0DA60056410A /* SybilHunter.swift in Sources */ = {isa = PBXBuildFile; fileRef = 30F152EE297B0DA60056410A /* SybilHunter.swift */; };
		30F152F1297B14AD0056410A /* PipelineView.swift in Sources */ = {isa = PBXBuildFile; fileRef = 30F152F0297B14AD0056410A /* PipelineView.swift */; };
		30F152F6297B17910056410A /* LegoHeader.swift in Sources */ = {isa = PBXBuildFile; fileRef = 30F152F5297B17910056410A /* LegoHeader.swift */; };
		30F152F9297B200C0056410A /* SybilHunterViewModel.swift in Sources */ = {isa = PBXBuildFile; fileRef = 30F152F8297B200C0056410A /* SybilHunterViewModel.swift */; };
		30F152FB297B24350056410A /* DataSourceHeader.swift in Sources */ = {isa = PBXBuildFile; fileRef = 30F152FA297B24350056410A /* DataSourceHeader.swift */; };
		30F152FE297B27160056410A /* DragView.swift in Sources */ = {isa = PBXBuildFile; fileRef = 30F152FD297B27160056410A /* DragView.swift */; };
		30F15301297B892C0056410A /* PipeView.swift in Sources */ = {isa = PBXBuildFile; fileRef = 30F15300297B892C0056410A /* PipeView.swift */; };
		30F15303297C640E0056410A /* OverView.swift in Sources */ = {isa = PBXBuildFile; fileRef = 30F15302297C640E0056410A /* OverView.swift */; };
		30F1530D297C9DDD0056410A /* AssociationRegressor.mlpackage in Sources */ = {isa = PBXBuildFile; fileRef = 30F1530C297C9DDD0056410A /* AssociationRegressor.mlpackage */; };
		30F1530F297C9DEE0056410A /* AssociationClassifier.mlpackage in Sources */ = {isa = PBXBuildFile; fileRef = 30F1530E297C9DEE0056410A /* AssociationClassifier.mlpackage */; };
		30F15313297CABBA0056410A /* LegoPipeView.swift in Sources */ = {isa = PBXBuildFile; fileRef = 30F15312297CABBA0056410A /* LegoPipeView.swift */; };
		30F15315297CEEC10056410A /* PreBuiltModels.swift in Sources */ = {isa = PBXBuildFile; fileRef = 30F15314297CEEC10056410A /* PreBuiltModels.swift */; };
		30F15317297DB4040056410A /* LegoEditView.swift in Sources */ = {isa = PBXBuildFile; fileRef = 30F15316297DB4040056410A /* LegoEditView.swift */; };
		30F1531A297DC04E0056410A /* EthService.swift in Sources */ = {isa = PBXBuildFile; fileRef = 30F15319297DC04E0056410A /* EthService.swift */; };
		30F1531C297DCA980056410A /* Color.swift in Sources */ = {isa = PBXBuildFile; fileRef = 30F1531B297DCA980056410A /* Color.swift */; };
		30F1531F297DD7A20056410A /* AddressLists.swift in Sources */ = {isa = PBXBuildFile; fileRef = 30F1531E297DD7A20056410A /* AddressLists.swift */; };
		30F15323297DF3690056410A /* InputView.swift in Sources */ = {isa = PBXBuildFile; fileRef = 30F15322297DF3690056410A /* InputView.swift */; };
		30F15327297E021B0056410A /* BuiltInLego.swift in Sources */ = {isa = PBXBuildFile; fileRef = 30F15326297E021B0056410A /* BuiltInLego.swift */; };
		30F1532B297E0F500056410A /* CommandForScript.swift in Sources */ = {isa = PBXBuildFile; fileRef = 30F1532A297E0F500056410A /* CommandForScript.swift */; };
		30F1533C2980C5110056410A /* ScriptLegos.swift in Sources */ = {isa = PBXBuildFile; fileRef = 30F1533B2980C5110056410A /* ScriptLegos.swift */; };
		30F153402981C8830056410A /* StackChart.swift in Sources */ = {isa = PBXBuildFile; fileRef = 30F1533F2981C8830056410A /* StackChart.swift */; };
/* End PBXBuildFile section */

/* Begin PBXFileReference section */
		301FACE32981F3BE002AEC98 /* LegoResultChart.swift */ = {isa = PBXFileReference; lastKnownFileType = sourcecode.swift; path = LegoResultChart.swift; sourceTree = "<group>"; };
		301FACE52985B0E4002AEC98 /* RoundChart.swift */ = {isa = PBXFileReference; lastKnownFileType = sourcecode.swift; path = RoundChart.swift; sourceTree = "<group>"; };
		303AA3B72971C2CF0052BD54 /* Sybil Hunter.app */ = {isa = PBXFileReference; explicitFileType = wrapper.application; includeInIndex = 0; path = "Sybil Hunter.app"; sourceTree = BUILT_PRODUCTS_DIR; };
		303AA3BA2971C2CF0052BD54 /* Sybil_HunterApp.swift */ = {isa = PBXFileReference; lastKnownFileType = sourcecode.swift; path = Sybil_HunterApp.swift; sourceTree = "<group>"; };
		303AA3BC2971C2CF0052BD54 /* ContentView.swift */ = {isa = PBXFileReference; lastKnownFileType = sourcecode.swift; path = ContentView.swift; sourceTree = "<group>"; };
		303AA3BE2971C2D00052BD54 /* Assets.xcassets */ = {isa = PBXFileReference; lastKnownFileType = folder.assetcatalog; path = Assets.xcassets; sourceTree = "<group>"; };
		303AA3C12971C2D00052BD54 /* Preview Assets.xcassets */ = {isa = PBXFileReference; lastKnownFileType = folder.assetcatalog; path = "Preview Assets.xcassets"; sourceTree = "<group>"; };
		303AA3C32971C2D00052BD54 /* Sybil_Hunter.entitlements */ = {isa = PBXFileReference; lastKnownFileType = text.plist.entitlements; path = Sybil_Hunter.entitlements; sourceTree = "<group>"; };
		30682E842971EDB700C8BF4F /* TrueBlocksTx.swift */ = {isa = PBXFileReference; lastKnownFileType = sourcecode.swift; path = TrueBlocksTx.swift; sourceTree = "<group>"; };
		30682E8F297216CA00C8BF4F /* Sybil-Hunter-Info.plist */ = {isa = PBXFileReference; fileEncoding = 4; lastKnownFileType = text.plist.xml; path = "Sybil-Hunter-Info.plist"; sourceTree = "<group>"; };
		30F152EE297B0DA60056410A /* SybilHunter.swift */ = {isa = PBXFileReference; lastKnownFileType = sourcecode.swift; path = SybilHunter.swift; sourceTree = "<group>"; };
		30F152F0297B14AD0056410A /* PipelineView.swift */ = {isa = PBXFileReference; lastKnownFileType = sourcecode.swift; path = PipelineView.swift; sourceTree = "<group>"; };
		30F152F5297B17910056410A /* LegoHeader.swift */ = {isa = PBXFileReference; lastKnownFileType = sourcecode.swift; path = LegoHeader.swift; sourceTree = "<group>"; };
		30F152F8297B200C0056410A /* SybilHunterViewModel.swift */ = {isa = PBXFileReference; lastKnownFileType = sourcecode.swift; path = SybilHunterViewModel.swift; sourceTree = "<group>"; };
		30F152FA297B24350056410A /* DataSourceHeader.swift */ = {isa = PBXFileReference; lastKnownFileType = sourcecode.swift; path = DataSourceHeader.swift; sourceTree = "<group>"; };
		30F152FD297B27160056410A /* DragView.swift */ = {isa = PBXFileReference; lastKnownFileType = sourcecode.swift; path = DragView.swift; sourceTree = "<group>"; };
		30F15300297B892C0056410A /* PipeView.swift */ = {isa = PBXFileReference; lastKnownFileType = sourcecode.swift; path = PipeView.swift; sourceTree = "<group>"; };
		30F15302297C640E0056410A /* OverView.swift */ = {isa = PBXFileReference; lastKnownFileType = sourcecode.swift; path = OverView.swift; sourceTree = "<group>"; };
		30F1530C297C9DDD0056410A /* AssociationRegressor.mlpackage */ = {isa = PBXFileReference; lastKnownFileType = folder.mlpackage; path = AssociationRegressor.mlpackage; sourceTree = "<group>"; };
		30F1530E297C9DEE0056410A /* AssociationClassifier.mlpackage */ = {isa = PBXFileReference; lastKnownFileType = folder.mlpackage; path = AssociationClassifier.mlpackage; sourceTree = "<group>"; };
		30F15312297CABBA0056410A /* LegoPipeView.swift */ = {isa = PBXFileReference; lastKnownFileType = sourcecode.swift; path = LegoPipeView.swift; sourceTree = "<group>"; };
		30F15314297CEEC10056410A /* PreBuiltModels.swift */ = {isa = PBXFileReference; lastKnownFileType = sourcecode.swift; path = PreBuiltModels.swift; sourceTree = "<group>"; };
		30F15316297DB4040056410A /* LegoEditView.swift */ = {isa = PBXFileReference; lastKnownFileType = sourcecode.swift; path = LegoEditView.swift; sourceTree = "<group>"; };
		30F15319297DC04E0056410A /* EthService.swift */ = {isa = PBXFileReference; lastKnownFileType = sourcecode.swift; path = EthService.swift; sourceTree = "<group>"; };
		30F1531B297DCA980056410A /* Color.swift */ = {isa = PBXFileReference; lastKnownFileType = sourcecode.swift; path = Color.swift; sourceTree = "<group>"; };
		30F1531E297DD7A20056410A /* AddressLists.swift */ = {isa = PBXFileReference; lastKnownFileType = sourcecode.swift; path = AddressLists.swift; sourceTree = "<group>"; };
		30F15322297DF3690056410A /* InputView.swift */ = {isa = PBXFileReference; lastKnownFileType = sourcecode.swift; path = InputView.swift; sourceTree = "<group>"; };
		30F15326297E021B0056410A /* BuiltInLego.swift */ = {isa = PBXFileReference; lastKnownFileType = sourcecode.swift; path = BuiltInLego.swift; sourceTree = "<group>"; };
		30F1532A297E0F500056410A /* CommandForScript.swift */ = {isa = PBXFileReference; lastKnownFileType = sourcecode.swift; path = CommandForScript.swift; sourceTree = "<group>"; };
		30F1533B2980C5110056410A /* ScriptLegos.swift */ = {isa = PBXFileReference; lastKnownFileType = sourcecode.swift; path = ScriptLegos.swift; sourceTree = "<group>"; };
		30F1533F2981C8830056410A /* StackChart.swift */ = {isa = PBXFileReference; lastKnownFileType = sourcecode.swift; path = StackChart.swift; sourceTree = "<group>"; };
/* End PBXFileReference section */

/* Begin PBXFrameworksBuildPhase section */
		303AA3B42971C2CF0052BD54 /* Frameworks */ = {
			isa = PBXFrameworksBuildPhase;
			buildActionMask = 2147483647;
			files = (
			);
			runOnlyForDeploymentPostprocessing = 0;
		};
/* End PBXFrameworksBuildPhase section */

/* Begin PBXGroup section */
		301FACE22981F390002AEC98 /* Charts */ = {
			isa = PBXGroup;
			children = (
				30F1533F2981C8830056410A /* StackChart.swift */,
				301FACE32981F3BE002AEC98 /* LegoResultChart.swift */,
				301FACE52985B0E4002AEC98 /* RoundChart.swift */,
			);
			path = Charts;
			sourceTree = "<group>";
		};
		301FACE72985CB6A002AEC98 /* EditViews */ = {
			isa = PBXGroup;
			children = (
				30F15316297DB4040056410A /* LegoEditView.swift */,
			);
			path = EditViews;
			sourceTree = "<group>";
		};
		303AA3AE2971C2CF0052BD54 = {
			isa = PBXGroup;
			children = (
				30682E8F297216CA00C8BF4F /* Sybil-Hunter-Info.plist */,
				303AA3B92971C2CF0052BD54 /* Sybil Hunter */,
				303AA3B82971C2CF0052BD54 /* Products */,
			);
			sourceTree = "<group>";
		};
		303AA3B82971C2CF0052BD54 /* Products */ = {
			isa = PBXGroup;
			children = (
				303AA3B72971C2CF0052BD54 /* Sybil Hunter.app */,
			);
			name = Products;
			sourceTree = "<group>";
		};
		303AA3B92971C2CF0052BD54 /* Sybil Hunter */ = {
			isa = PBXGroup;
			children = (
				30F15318297DC02C0056410A /* Services */,
				30F15306297C9D8F0056410A /* Legos */,
				30F152F7297B1FF60056410A /* ViewModels2 */,
				30F152EB297A0EAD0056410A /* Views2 */,
				30682E832971EDA500C8BF4F /* Models */,
				303AA3BA2971C2CF0052BD54 /* Sybil_HunterApp.swift */,
				303AA3BC2971C2CF0052BD54 /* ContentView.swift */,
				303AA3BE2971C2D00052BD54 /* Assets.xcassets */,
				303AA3C32971C2D00052BD54 /* Sybil_Hunter.entitlements */,
				303AA3C02971C2D00052BD54 /* Preview Content */,
			);
			path = "Sybil Hunter";
			sourceTree = "<group>";
		};
		303AA3C02971C2D00052BD54 /* Preview Content */ = {
			isa = PBXGroup;
			children = (
				303AA3C12971C2D00052BD54 /* Preview Assets.xcassets */,
			);
			path = "Preview Content";
			sourceTree = "<group>";
		};
		30682E832971EDA500C8BF4F /* Models */ = {
			isa = PBXGroup;
			children = (
				30682E842971EDB700C8BF4F /* TrueBlocksTx.swift */,
				30F15314297CEEC10056410A /* PreBuiltModels.swift */,
			);
			path = Models;
			sourceTree = "<group>";
		};
		30F152EB297A0EAD0056410A /* Views2 */ = {
			isa = PBXGroup;
			children = (
				30F152F2297B167C0056410A /* SybilHunter */,
			);
			path = Views2;
			sourceTree = "<group>";
		};
		30F152F2297B167C0056410A /* SybilHunter */ = {
			isa = PBXGroup;
			children = (
				30F152F3297B16D70056410A /* SubViews */,
				30F152EE297B0DA60056410A /* SybilHunter.swift */,
			);
			path = SybilHunter;
			sourceTree = "<group>";
		};
		30F152F3297B16D70056410A /* SubViews */ = {
			isa = PBXGroup;
			children = (
				301FACE72985CB6A002AEC98 /* EditViews */,
				30F1531D297DD78C0056410A /* OverViews */,
				30F152FF297B2AD50056410A /* Draggables */,
				30F152FC297B26C50056410A /* SectionHeader */,
				30F152F0297B14AD0056410A /* PipelineView.swift */,
				30F15302297C640E0056410A /* OverView.swift */,
			);
			path = SubViews;
			sourceTree = "<group>";
		};
		30F152F7297B1FF60056410A /* ViewModels2 */ = {
			isa = PBXGroup;
			children = (
				30F152F8297B200C0056410A /* SybilHunterViewModel.swift */,
			);
			path = ViewModels2;
			sourceTree = "<group>";
		};
		30F152FC297B26C50056410A /* SectionHeader */ = {
			isa = PBXGroup;
			children = (
				30F152F5297B17910056410A /* LegoHeader.swift */,
				30F152FA297B24350056410A /* DataSourceHeader.swift */,
			);
			path = SectionHeader;
			sourceTree = "<group>";
		};
		30F152FF297B2AD50056410A /* Draggables */ = {
			isa = PBXGroup;
			children = (
				30F152FD297B27160056410A /* DragView.swift */,
				30F15300297B892C0056410A /* PipeView.swift */,
				30F15312297CABBA0056410A /* LegoPipeView.swift */,
			);
			path = Draggables;
			sourceTree = "<group>";
		};
		30F15306297C9D8F0056410A /* Legos */ = {
			isa = PBXGroup;
			children = (
				30F15307297C9D960056410A /* MLModels */,
				30F15326297E021B0056410A /* BuiltInLego.swift */,
				30F1533B2980C5110056410A /* ScriptLegos.swift */,
			);
			path = Legos;
			sourceTree = "<group>";
		};
		30F15307297C9D960056410A /* MLModels */ = {
			isa = PBXGroup;
			children = (
				30F1530E297C9DEE0056410A /* AssociationClassifier.mlpackage */,
				30F1530C297C9DDD0056410A /* AssociationRegressor.mlpackage */,
			);
			path = MLModels;
			sourceTree = "<group>";
		};
		30F15318297DC02C0056410A /* Services */ = {
			isa = PBXGroup;
			children = (
				30F15319297DC04E0056410A /* EthService.swift */,
				30F1531B297DCA980056410A /* Color.swift */,
				30F1532A297E0F500056410A /* CommandForScript.swift */,
			);
			path = Services;
			sourceTree = "<group>";
		};
		30F1531D297DD78C0056410A /* OverViews */ = {
			isa = PBXGroup;
			children = (
				301FACE22981F390002AEC98 /* Charts */,
				30F1531E297DD7A20056410A /* AddressLists.swift */,
				30F15322297DF3690056410A /* InputView.swift */,
			);
			path = OverViews;
			sourceTree = "<group>";
		};
/* End PBXGroup section */

/* Begin PBXNativeTarget section */
		303AA3B62971C2CF0052BD54 /* Sybil Hunter */ = {
			isa = PBXNativeTarget;
			buildConfigurationList = 303AA3C62971C2D00052BD54 /* Build configuration list for PBXNativeTarget "Sybil Hunter" */;
			buildPhases = (
				303AA3B32971C2CF0052BD54 /* Sources */,
				303AA3B42971C2CF0052BD54 /* Frameworks */,
				303AA3B52971C2CF0052BD54 /* Resources */,
			);
			buildRules = (
			);
			dependencies = (
			);
			name = "Sybil Hunter";
			productName = "Sybil Hunter";
			productReference = 303AA3B72971C2CF0052BD54 /* Sybil Hunter.app */;
			productType = "com.apple.product-type.application";
		};
/* End PBXNativeTarget section */

/* Begin PBXProject section */
		303AA3AF2971C2CF0052BD54 /* Project object */ = {
			isa = PBXProject;
			attributes = {
				BuildIndependentTargetsInParallel = 1;
				LastSwiftUpdateCheck = 1420;
				LastUpgradeCheck = 1420;
				TargetAttributes = {
					303AA3B62971C2CF0052BD54 = {
						CreatedOnToolsVersion = 14.2;
					};
				};
			};
			buildConfigurationList = 303AA3B22971C2CF0052BD54 /* Build configuration list for PBXProject "Sybil Hunter" */;
			compatibilityVersion = "Xcode 14.0";
			developmentRegion = en;
			hasScannedForEncodings = 0;
			knownRegions = (
				en,
				Base,
			);
			mainGroup = 303AA3AE2971C2CF0052BD54;
			productRefGroup = 303AA3B82971C2CF0052BD54 /* Products */;
			projectDirPath = "";
			projectRoot = "";
			targets = (
				303AA3B62971C2CF0052BD54 /* Sybil Hunter */,
			);
		};
/* End PBXProject section */

/* Begin PBXResourcesBuildPhase section */
		303AA3B52971C2CF0052BD54 /* Resources */ = {
			isa = PBXResourcesBuildPhase;
			buildActionMask = 2147483647;
			files = (
				303AA3C22971C2D00052BD54 /* Preview Assets.xcassets in Resources */,
				30682E90297216CA00C8BF4F /* Sybil-Hunter-Info.plist in Resources */,
				303AA3BF2971C2D00052BD54 /* Assets.xcassets in Resources */,
			);
			runOnlyForDeploymentPostprocessing = 0;
		};
/* End PBXResourcesBuildPhase section */

/* Begin PBXSourcesBuildPhase section */
		303AA3B32971C2CF0052BD54 /* Sources */ = {
			isa = PBXSourcesBuildPhase;
			buildActionMask = 2147483647;
			files = (
				30F152F6297B17910056410A /* LegoHeader.swift in Sources */,
				30F152EF297B0DA60056410A /* SybilHunter.swift in Sources */,
				30F153402981C8830056410A /* StackChart.swift in Sources */,
				30682E852971EDB700C8BF4F /* TrueBlocksTx.swift in Sources */,
				303AA3BD2971C2CF0052BD54 /* ContentView.swift in Sources */,
				30F152FE297B27160056410A /* DragView.swift in Sources */,
				30F15303297C640E0056410A /* OverView.swift in Sources */,
				30F152FB297B24350056410A /* DataSourceHeader.swift in Sources */,
				301FACE62985B0E4002AEC98 /* RoundChart.swift in Sources */,
				30F1530F297C9DEE0056410A /* AssociationClassifier.mlpackage in Sources */,
				30F15301297B892C0056410A /* PipeView.swift in Sources */,
				30F1533C2980C5110056410A /* ScriptLegos.swift in Sources */,
				30F1532B297E0F500056410A /* CommandForScript.swift in Sources */,
				30F15313297CABBA0056410A /* LegoPipeView.swift in Sources */,
				30F1531C297DCA980056410A /* Color.swift in Sources */,
				303AA3BB2971C2CF0052BD54 /* Sybil_HunterApp.swift in Sources */,
				30F15317297DB4040056410A /* LegoEditView.swift in Sources */,
				30F1531A297DC04E0056410A /* EthService.swift in Sources */,
				30F152F9297B200C0056410A /* SybilHunterViewModel.swift in Sources */,
				30F15315297CEEC10056410A /* PreBuiltModels.swift in Sources */,
				30F15327297E021B0056410A /* BuiltInLego.swift in Sources */,
				30F152F1297B14AD0056410A /* PipelineView.swift in Sources */,
				30F15323297DF3690056410A /* InputView.swift in Sources */,
				30F1531F297DD7A20056410A /* AddressLists.swift in Sources */,
				301FACE42981F3BE002AEC98 /* LegoResultChart.swift in Sources */,
				30F1530D297C9DDD0056410A /* AssociationRegressor.mlpackage in Sources */,
			);
			runOnlyForDeploymentPostprocessing = 0;
		};
/* End PBXSourcesBuildPhase section */

/* Begin XCBuildConfiguration section */
		303AA3C42971C2D00052BD54 /* Debug */ = {
			isa = XCBuildConfiguration;
			buildSettings = {
				ALWAYS_SEARCH_USER_PATHS = NO;
				CLANG_ANALYZER_NONNULL = YES;
				CLANG_ANALYZER_NUMBER_OBJECT_CONVERSION = YES_AGGRESSIVE;
				CLANG_CXX_LANGUAGE_STANDARD = "gnu++20";
				CLANG_ENABLE_MODULES = YES;
				CLANG_ENABLE_OBJC_ARC = YES;
				CLANG_ENABLE_OBJC_WEAK = YES;
				CLANG_WARN_BLOCK_CAPTURE_AUTORELEASING = YES;
				CLANG_WARN_BOOL_CONVERSION = YES;
				CLANG_WARN_COMMA = YES;
				CLANG_WARN_CONSTANT_CONVERSION = YES;
				CLANG_WARN_DEPRECATED_OBJC_IMPLEMENTATIONS = YES;
				CLANG_WARN_DIRECT_OBJC_ISA_USAGE = YES_ERROR;
				CLANG_WARN_DOCUMENTATION_COMMENTS = YES;
				CLANG_WARN_EMPTY_BODY = YES;
				CLANG_WARN_ENUM_CONVERSION = YES;
				CLANG_WARN_INFINITE_RECURSION = YES;
				CLANG_WARN_INT_CONVERSION = YES;
				CLANG_WARN_NON_LITERAL_NULL_CONVERSION = YES;
				CLANG_WARN_OBJC_IMPLICIT_RETAIN_SELF = YES;
				CLANG_WARN_OBJC_LITERAL_CONVERSION = YES;
				CLANG_WARN_OBJC_ROOT_CLASS = YES_ERROR;
				CLANG_WARN_QUOTED_INCLUDE_IN_FRAMEWORK_HEADER = YES;
				CLANG_WARN_RANGE_LOOP_ANALYSIS = YES;
				CLANG_WARN_STRICT_PROTOTYPES = YES;
				CLANG_WARN_SUSPICIOUS_MOVE = YES;
				CLANG_WARN_UNGUARDED_AVAILABILITY = YES_AGGRESSIVE;
				CLANG_WARN_UNREACHABLE_CODE = YES;
				CLANG_WARN__DUPLICATE_METHOD_MATCH = YES;
				COPY_PHASE_STRIP = NO;
				DEBUG_INFORMATION_FORMAT = dwarf;
				ENABLE_STRICT_OBJC_MSGSEND = YES;
				ENABLE_TESTABILITY = YES;
				GCC_C_LANGUAGE_STANDARD = gnu11;
				GCC_DYNAMIC_NO_PIC = NO;
				GCC_NO_COMMON_BLOCKS = YES;
				GCC_OPTIMIZATION_LEVEL = 0;
				GCC_PREPROCESSOR_DEFINITIONS = (
					"DEBUG=1",
					"$(inherited)",
				);
				GCC_WARN_64_TO_32_BIT_CONVERSION = YES;
				GCC_WARN_ABOUT_RETURN_TYPE = YES_ERROR;
				GCC_WARN_UNDECLARED_SELECTOR = YES;
				GCC_WARN_UNINITIALIZED_AUTOS = YES_AGGRESSIVE;
				GCC_WARN_UNUSED_FUNCTION = YES;
				GCC_WARN_UNUSED_VARIABLE = YES;
				MACOSX_DEPLOYMENT_TARGET = 13.0;
				MTL_ENABLE_DEBUG_INFO = INCLUDE_SOURCE;
				MTL_FAST_MATH = YES;
				ONLY_ACTIVE_ARCH = YES;
				SDKROOT = macosx;
				SWIFT_ACTIVE_COMPILATION_CONDITIONS = DEBUG;
				SWIFT_OPTIMIZATION_LEVEL = "-Onone";
			};
			name = Debug;
		};
		303AA3C52971C2D00052BD54 /* Release */ = {
			isa = XCBuildConfiguration;
			buildSettings = {
				ALWAYS_SEARCH_USER_PATHS = NO;
				CLANG_ANALYZER_NONNULL = YES;
				CLANG_ANALYZER_NUMBER_OBJECT_CONVERSION = YES_AGGRESSIVE;
				CLANG_CXX_LANGUAGE_STANDARD = "gnu++20";
				CLANG_ENABLE_MODULES = YES;
				CLANG_ENABLE_OBJC_ARC = YES;
				CLANG_ENABLE_OBJC_WEAK = YES;
				CLANG_WARN_BLOCK_CAPTURE_AUTORELEASING = YES;
				CLANG_WARN_BOOL_CONVERSION = YES;
				CLANG_WARN_COMMA = YES;
				CLANG_WARN_CONSTANT_CONVERSION = YES;
				CLANG_WARN_DEPRECATED_OBJC_IMPLEMENTATIONS = YES;
				CLANG_WARN_DIRECT_OBJC_ISA_USAGE = YES_ERROR;
				CLANG_WARN_DOCUMENTATION_COMMENTS = YES;
				CLANG_WARN_EMPTY_BODY = YES;
				CLANG_WARN_ENUM_CONVERSION = YES;
				CLANG_WARN_INFINITE_RECURSION = YES;
				CLANG_WARN_INT_CONVERSION = YES;
				CLANG_WARN_NON_LITERAL_NULL_CONVERSION = YES;
				CLANG_WARN_OBJC_IMPLICIT_RETAIN_SELF = YES;
				CLANG_WARN_OBJC_LITERAL_CONVERSION = YES;
				CLANG_WARN_OBJC_ROOT_CLASS = YES_ERROR;
				CLANG_WARN_QUOTED_INCLUDE_IN_FRAMEWORK_HEADER = YES;
				CLANG_WARN_RANGE_LOOP_ANALYSIS = YES;
				CLANG_WARN_STRICT_PROTOTYPES = YES;
				CLANG_WARN_SUSPICIOUS_MOVE = YES;
				CLANG_WARN_UNGUARDED_AVAILABILITY = YES_AGGRESSIVE;
				CLANG_WARN_UNREACHABLE_CODE = YES;
				CLANG_WARN__DUPLICATE_METHOD_MATCH = YES;
				COPY_PHASE_STRIP = NO;
				DEBUG_INFORMATION_FORMAT = "dwarf-with-dsym";
				ENABLE_NS_ASSERTIONS = NO;
				ENABLE_STRICT_OBJC_MSGSEND = YES;
				GCC_C_LANGUAGE_STANDARD = gnu11;
				GCC_NO_COMMON_BLOCKS = YES;
				GCC_WARN_64_TO_32_BIT_CONVERSION = YES;
				GCC_WARN_ABOUT_RETURN_TYPE = YES_ERROR;
				GCC_WARN_UNDECLARED_SELECTOR = YES;
				GCC_WARN_UNINITIALIZED_AUTOS = YES_AGGRESSIVE;
				GCC_WARN_UNUSED_FUNCTION = YES;
				GCC_WARN_UNUSED_VARIABLE = YES;
				MACOSX_DEPLOYMENT_TARGET = 13.0;
				MTL_ENABLE_DEBUG_INFO = NO;
				MTL_FAST_MATH = YES;
				SDKROOT = macosx;
				SWIFT_COMPILATION_MODE = wholemodule;
				SWIFT_OPTIMIZATION_LEVEL = "-O";
			};
			name = Release;
		};
		303AA3C72971C2D00052BD54 /* Debug */ = {
			isa = XCBuildConfiguration;
			buildSettings = {
				ASSETCATALOG_COMPILER_APPICON_NAME = AppIcon;
				ASSETCATALOG_COMPILER_GLOBAL_ACCENT_COLOR_NAME = AccentColor;
				ASSETCATALOG_COMPILER_INCLUDE_ALL_APPICON_ASSETS = YES;
				CODE_SIGN_ENTITLEMENTS = "Sybil Hunter/Sybil_Hunter.entitlements";
				"CODE_SIGN_IDENTITY[sdk=macosx*]" = "-";
				CODE_SIGN_STYLE = Automatic;
				COMBINE_HIDPI_IMAGES = YES;
				CURRENT_PROJECT_VERSION = 1;
				DEVELOPMENT_ASSET_PATHS = "\"Sybil Hunter/Preview Content\"";
				DEVELOPMENT_TEAM = XUYDZSBQ86;
				ENABLE_HARDENED_RUNTIME = YES;
				ENABLE_PREVIEWS = YES;
				GENERATE_INFOPLIST_FILE = YES;
				INFOPLIST_FILE = "Sybil-Hunter-Info.plist";
				INFOPLIST_KEY_CFBundleDisplayName = "Sybil Hunter";
				INFOPLIST_KEY_LSApplicationCategoryType = "public.app-category.utilities";
				INFOPLIST_KEY_NSHumanReadableCopyright = "";
				LD_RUNPATH_SEARCH_PATHS = (
					"$(inherited)",
					"@executable_path/../Frameworks",
				);
				MARKETING_VERSION = 1.0;
				PRODUCT_BUNDLE_IDENTIFIER = "MOT.Sybil-Hunter";
				PRODUCT_NAME = "$(TARGET_NAME)";
				SWIFT_EMIT_LOC_STRINGS = YES;
				SWIFT_VERSION = 5.0;
			};
			name = Debug;
		};
		303AA3C82971C2D00052BD54 /* Release */ = {
			isa = XCBuildConfiguration;
			buildSettings = {
				ASSETCATALOG_COMPILER_APPICON_NAME = AppIcon;
				ASSETCATALOG_COMPILER_GLOBAL_ACCENT_COLOR_NAME = AccentColor;
				ASSETCATALOG_COMPILER_INCLUDE_ALL_APPICON_ASSETS = YES;
				CODE_SIGN_ENTITLEMENTS = "Sybil Hunter/Sybil_Hunter.entitlements";
				"CODE_SIGN_IDENTITY[sdk=macosx*]" = "-";
				CODE_SIGN_STYLE = Automatic;
				COMBINE_HIDPI_IMAGES = YES;
				CURRENT_PROJECT_VERSION = 1;
				DEVELOPMENT_ASSET_PATHS = "\"Sybil Hunter/Preview Content\"";
				DEVELOPMENT_TEAM = XUYDZSBQ86;
				ENABLE_HARDENED_RUNTIME = YES;
				ENABLE_PREVIEWS = YES;
				GENERATE_INFOPLIST_FILE = YES;
				INFOPLIST_FILE = "Sybil-Hunter-Info.plist";
				INFOPLIST_KEY_CFBundleDisplayName = "Sybil Hunter";
				INFOPLIST_KEY_LSApplicationCategoryType = "public.app-category.utilities";
				INFOPLIST_KEY_NSHumanReadableCopyright = "";
				LD_RUNPATH_SEARCH_PATHS = (
					"$(inherited)",
					"@executable_path/../Frameworks",
				);
				MARKETING_VERSION = 1.0;
				PRODUCT_BUNDLE_IDENTIFIER = "MOT.Sybil-Hunter";
				PRODUCT_NAME = "$(TARGET_NAME)";
				SWIFT_EMIT_LOC_STRINGS = YES;
				SWIFT_VERSION = 5.0;
			};
			name = Release;
		};
/* End XCBuildConfiguration section */

/* Begin XCConfigurationList section */
		303AA3B22971C2CF0052BD54 /* Build configuration list for PBXProject "Sybil Hunter" */ = {
			isa = XCConfigurationList;
			buildConfigurations = (
				303AA3C42971C2D00052BD54 /* Debug */,
				303AA3C52971C2D00052BD54 /* Release */,
			);
			defaultConfigurationIsVisible = 0;
			defaultConfigurationName = Release;
		};
		303AA3C62971C2D00052BD54 /* Build configuration list for PBXNativeTarget "Sybil Hunter" */ = {
			isa = XCConfigurationList;
			buildConfigurations = (
				303AA3C72971C2D00052BD54 /* Debug */,
				303AA3C82971C2D00052BD54 /* Release */,
			);
			defaultConfigurationIsVisible = 0;
			defaultConfigurationName = Release;
		};
/* End XCConfigurationList section */
	};
	rootObject = 303AA3AF2971C2CF0052BD54 /* Project object */;
}
